PODS:
  - CHTCollectionViewWaterfallLayout (0.9.1)
  - FSCalendar (0.11.2)
  - PureLayout (2.0.6)

DEPENDENCIES:
  - CHTCollectionViewWaterfallLayout
  - FSCalendar (from `https://github.com/roman-yu/FSCalendar`)
  - PureLayout

EXTERNAL SOURCES:
  FSCalendar:
    :git: https://github.com/roman-yu/FSCalendar

CHECKOUT OPTIONS:
  FSCalendar:
    :commit: c6f3ddc3bf8a805598238e93da7928469dc22d42
    :git: https://github.com/roman-yu/FSCalendar

SPEC CHECKSUMS:
  CHTCollectionViewWaterfallLayout: 1a8da4fc662702cbddda8926ced266036a829f84
  FSCalendar: c66e75adde90d6e6fa5f7ee04caf46277ad5b2c1
  PureLayout: f25f0bb904d5ccfe6e31da3cb869185259f02e0d

COCOAPODS: 0.38.0
